
Microsoft Visual Studio Solution File, Format Version 12.00
# Visual Studio Version 17
VisualStudioVersion = 17.0.31919.166
MinimumVisualStudioVersion = 10.0.40219.1
Project("{FAE04EC0-301F-11D3-BF4B-00C04F79EFBC}") = "MOBILE_APP_WEBAPI", "MOBILE_APP_WEBAPI\MOBILE_APP_WEBAPI.csproj", "{507B2366-4399-4E9F-AC6F-67B6F11B2F46}"
EndProject
Global
	GlobalSection(SolutionConfigurationPlatforms) = preSolution
		Debug|Any CPU = Debug|Any CPU
		Release|Any CPU = Release|Any CPU
	EndGlobalSection
	GlobalSection(ProjectConfigurationPlatforms) = postSolution
		{507B2366-4399-4E9F-AC6F-67B6F11B2F46}.Debug|Any CPU.ActiveCfg = Debug|Any CPU
		{507B2366-4399-4E9F-AC6F-67B6F11B2F46}.Debug|Any CPU.Build.0 = Debug|Any CPU
		{507B2366-4399-4E9F-AC6F-67B6F11B2F46}.Release|Any CPU.ActiveCfg = Release|Any CPU
		{507B2366-4399-4E9F-AC6F-67B6F11B2F46}.Release|Any CPU.Build.0 = Release|Any CPU
	EndGlobalSection
	GlobalSection(SolutionProperties) = preSolution
		HideSolutionNode = FALSE
	EndGlobalSection
	GlobalSection(ExtensibilityGlobals) = postSolution
		SolutionGuid = {D5443B26-FA20-44D8-A0C7-60DBC44240B6}
	EndGlobalSection
EndGlobal
