
Microsoft Visual Studio Solution File, Format Version 12.00
# Visual Studio Version 17
VisualStudioVersion = 17.0.31919.166
MinimumVisualStudioVersion = 10.0.40219.1
Project("{FAE04EC0-301F-11D3-BF4B-00C04F79EFBC}") = "MOBILE_APP.Android", "MOBILE_APP\MOBILE_APP.Android\MOBILE_APP.Android.csproj", "{4A044F2D-CF48-4D8C-851B-070F825C4F14}"
EndProject
Project("{FAE04EC0-301F-11D3-BF4B-00C04F79EFBC}") = "MOBILE_APP.iOS", "MOBILE_APP\MOBILE_APP.iOS\MOBILE_APP.iOS.csproj", "{3D8C2415-F7EC-4B72-9079-0E384E7416DF}"
EndProject
Project("{FAE04EC0-301F-11D3-BF4B-00C04F79EFBC}") = "MOBILE_APP", "MOBILE_APP\MOBILE_APP\MOBILE_APP.csproj", "{0D5D78E8-DB12-451B-BF12-A32459D4F047}"
EndProject
Global
	GlobalSection(SolutionConfigurationPlatforms) = preSolution
		Debug|Any CPU = Debug|Any CPU
		Debug|iPhone = Debug|iPhone
		Debug|iPhoneSimulator = Debug|iPhoneSimulator
		Release|Any CPU = Release|Any CPU
		Release|iPhone = Release|iPhone
		Release|iPhoneSimulator = Release|iPhoneSimulator
	EndGlobalSection
	GlobalSection(ProjectConfigurationPlatforms) = postSolution
		{4A044F2D-CF48-4D8C-851B-070F825C4F14}.Debug|Any CPU.ActiveCfg = Debug|Any CPU
		{4A044F2D-CF48-4D8C-851B-070F825C4F14}.Debug|Any CPU.Build.0 = Debug|Any CPU
		{4A044F2D-CF48-4D8C-851B-070F825C4F14}.Debug|Any CPU.Deploy.0 = Debug|Any CPU
		{4A044F2D-CF48-4D8C-851B-070F825C4F14}.Debug|iPhone.ActiveCfg = Debug|Any CPU
		{4A044F2D-CF48-4D8C-851B-070F825C4F14}.Debug|iPhone.Build.0 = Debug|Any CPU
		{4A044F2D-CF48-4D8C-851B-070F825C4F14}.Debug|iPhone.Deploy.0 = Debug|Any CPU
		{4A044F2D-CF48-4D8C-851B-070F825C4F14}.Debug|iPhoneSimulator.ActiveCfg = Debug|Any CPU
		{4A044F2D-CF48-4D8C-851B-070F825C4F14}.Debug|iPhoneSimulator.Build.0 = Debug|Any CPU
		{4A044F2D-CF48-4D8C-851B-070F825C4F14}.Debug|iPhoneSimulator.Deploy.0 = Debug|Any CPU
		{4A044F2D-CF48-4D8C-851B-070F825C4F14}.Release|Any CPU.ActiveCfg = Release|Any CPU
		{4A044F2D-CF48-4D8C-851B-070F825C4F14}.Release|Any CPU.Build.0 = Release|Any CPU
		{4A044F2D-CF48-4D8C-851B-070F825C4F14}.Release|Any CPU.Deploy.0 = Release|Any CPU
		{4A044F2D-CF48-4D8C-851B-070F825C4F14}.Release|iPhone.ActiveCfg = Release|Any CPU
		{4A044F2D-CF48-4D8C-851B-070F825C4F14}.Release|iPhone.Build.0 = Release|Any CPU
		{4A044F2D-CF48-4D8C-851B-070F825C4F14}.Release|iPhone.Deploy.0 = Release|Any CPU
		{4A044F2D-CF48-4D8C-851B-070F825C4F14}.Release|iPhoneSimulator.ActiveCfg = Release|Any CPU
		{4A044F2D-CF48-4D8C-851B-070F825C4F14}.Release|iPhoneSimulator.Build.0 = Release|Any CPU
		{4A044F2D-CF48-4D8C-851B-070F825C4F14}.Release|iPhoneSimulator.Deploy.0 = Release|Any CPU
		{3D8C2415-F7EC-4B72-9079-0E384E7416DF}.Debug|Any CPU.ActiveCfg = Debug|iPhone
		{3D8C2415-F7EC-4B72-9079-0E384E7416DF}.Debug|Any CPU.Build.0 = Debug|iPhone
		{3D8C2415-F7EC-4B72-9079-0E384E7416DF}.Debug|Any CPU.Deploy.0 = Debug|iPhone
		{3D8C2415-F7EC-4B72-9079-0E384E7416DF}.Debug|iPhone.ActiveCfg = Debug|iPhone
		{3D8C2415-F7EC-4B72-9079-0E384E7416DF}.Debug|iPhone.Build.0 = Debug|iPhone
		{3D8C2415-F7EC-4B72-9079-0E384E7416DF}.Debug|iPhone.Deploy.0 = Debug|iPhone
		{3D8C2415-F7EC-4B72-9079-0E384E7416DF}.Debug|iPhoneSimulator.ActiveCfg = Debug|iPhoneSimulator
		{3D8C2415-F7EC-4B72-9079-0E384E7416DF}.Debug|iPhoneSimulator.Build.0 = Debug|iPhoneSimulator
		{3D8C2415-F7EC-4B72-9079-0E384E7416DF}.Debug|iPhoneSimulator.Deploy.0 = Debug|iPhoneSimulator
		{3D8C2415-F7EC-4B72-9079-0E384E7416DF}.Release|Any CPU.ActiveCfg = Release|iPhoneSimulator
		{3D8C2415-F7EC-4B72-9079-0E384E7416DF}.Release|Any CPU.Build.0 = Release|iPhoneSimulator
		{3D8C2415-F7EC-4B72-9079-0E384E7416DF}.Release|Any CPU.Deploy.0 = Release|iPhoneSimulator
		{3D8C2415-F7EC-4B72-9079-0E384E7416DF}.Release|iPhone.ActiveCfg = Release|iPhone
		{3D8C2415-F7EC-4B72-9079-0E384E7416DF}.Release|iPhone.Build.0 = Release|iPhone
		{3D8C2415-F7EC-4B72-9079-0E384E7416DF}.Release|iPhone.Deploy.0 = Release|iPhone
		{3D8C2415-F7EC-4B72-9079-0E384E7416DF}.Release|iPhoneSimulator.ActiveCfg = Release|iPhoneSimulator
		{3D8C2415-F7EC-4B72-9079-0E384E7416DF}.Release|iPhoneSimulator.Build.0 = Release|iPhoneSimulator
		{3D8C2415-F7EC-4B72-9079-0E384E7416DF}.Release|iPhoneSimulator.Deploy.0 = Release|iPhoneSimulator
		{0D5D78E8-DB12-451B-BF12-A32459D4F047}.Debug|Any CPU.ActiveCfg = Debug|Any CPU
		{0D5D78E8-DB12-451B-BF12-A32459D4F047}.Debug|Any CPU.Build.0 = Debug|Any CPU
		{0D5D78E8-DB12-451B-BF12-A32459D4F047}.Debug|Any CPU.Deploy.0 = Debug|Any CPU
		{0D5D78E8-DB12-451B-BF12-A32459D4F047}.Debug|iPhone.ActiveCfg = Debug|Any CPU
		{0D5D78E8-DB12-451B-BF12-A32459D4F047}.Debug|iPhone.Build.0 = Debug|Any CPU
		{0D5D78E8-DB12-451B-BF12-A32459D4F047}.Debug|iPhone.Deploy.0 = Debug|Any CPU
		{0D5D78E8-DB12-451B-BF12-A32459D4F047}.Debug|iPhoneSimulator.ActiveCfg = Debug|Any CPU
		{0D5D78E8-DB12-451B-BF12-A32459D4F047}.Debug|iPhoneSimulator.Build.0 = Debug|Any CPU
		{0D5D78E8-DB12-451B-BF12-A32459D4F047}.Debug|iPhoneSimulator.Deploy.0 = Debug|Any CPU
		{0D5D78E8-DB12-451B-BF12-A32459D4F047}.Release|Any CPU.ActiveCfg = Release|Any CPU
		{0D5D78E8-DB12-451B-BF12-A32459D4F047}.Release|Any CPU.Build.0 = Release|Any CPU
		{0D5D78E8-DB12-451B-BF12-A32459D4F047}.Release|Any CPU.Deploy.0 = Release|Any CPU
		{0D5D78E8-DB12-451B-BF12-A32459D4F047}.Release|iPhone.ActiveCfg = Release|Any CPU
		{0D5D78E8-DB12-451B-BF12-A32459D4F047}.Release|iPhone.Build.0 = Release|Any CPU
		{0D5D78E8-DB12-451B-BF12-A32459D4F047}.Release|iPhone.Deploy.0 = Release|Any CPU
		{0D5D78E8-DB12-451B-BF12-A32459D4F047}.Release|iPhoneSimulator.ActiveCfg = Release|Any CPU
		{0D5D78E8-DB12-451B-BF12-A32459D4F047}.Release|iPhoneSimulator.Build.0 = Release|Any CPU
		{0D5D78E8-DB12-451B-BF12-A32459D4F047}.Release|iPhoneSimulator.Deploy.0 = Release|Any CPU
	EndGlobalSection
	GlobalSection(SolutionProperties) = preSolution
		HideSolutionNode = FALSE
	EndGlobalSection
	GlobalSection(ExtensibilityGlobals) = postSolution
		SolutionGuid = {10DA4384-DDA2-4098-8A54-4722584E594C}
	EndGlobalSection
EndGlobal
